
Microsoft Visual Studio Solution File, Format Version 12.00
# Visual Studio 15
VisualStudioVersion = 15.0.26730.10
MinimumVisualStudioVersion = 10.0.40219.1
Project("{FAE04EC0-301F-11D3-BF4B-00C04F79EFBC}") = "GoogleSearchSeo", "GoogleSearchSeo\GoogleSearchSeo.csproj", "{8430F255-D5E3-445A-B15C-9009C0C49B4C}"
EndProject
Project("{FAE04EC0-301F-11D3-BF4B-00C04F79EFBC}") = "GoogleSearchSeo.Logic", "GoogleSearchSeo.Logic\GoogleSearchSeo.Logic.csproj", "{D3F15736-4068-4C0F-851E-2DF68FB86D90}"
EndProject
Project("{FAE04EC0-301F-11D3-BF4B-00C04F79EFBC}") = "GoogleSearchSeo.Data", "GoogleSearchSeo.Data\GoogleSearchSeo.Data.csproj", "{89CC06CE-BCAD-451A-951F-89725181E45C}"
EndProject
Project("{FAE04EC0-301F-11D3-BF4B-00C04F79EFBC}") = "GoogleSearchSeo.Core", "GoogleSearchSeo.Core\GoogleSearchSeo.Core.csproj", "{4041DED9-60BE-4AAD-83EE-279870358AEC}"
EndProject
Global
	GlobalSection(SolutionConfigurationPlatforms) = preSolution
		Debug|Any CPU = Debug|Any CPU
		Release|Any CPU = Release|Any CPU
	EndGlobalSection
	GlobalSection(ProjectConfigurationPlatforms) = postSolution
		{8430F255-D5E3-445A-B15C-9009C0C49B4C}.Debug|Any CPU.ActiveCfg = Debug|Any CPU
		{8430F255-D5E3-445A-B15C-9009C0C49B4C}.Debug|Any CPU.Build.0 = Debug|Any CPU
		{8430F255-D5E3-445A-B15C-9009C0C49B4C}.Release|Any CPU.ActiveCfg = Release|Any CPU
		{8430F255-D5E3-445A-B15C-9009C0C49B4C}.Release|Any CPU.Build.0 = Release|Any CPU
		{D3F15736-4068-4C0F-851E-2DF68FB86D90}.Debug|Any CPU.ActiveCfg = Debug|Any CPU
		{D3F15736-4068-4C0F-851E-2DF68FB86D90}.Debug|Any CPU.Build.0 = Debug|Any CPU
		{D3F15736-4068-4C0F-851E-2DF68FB86D90}.Release|Any CPU.ActiveCfg = Release|Any CPU
		{D3F15736-4068-4C0F-851E-2DF68FB86D90}.Release|Any CPU.Build.0 = Release|Any CPU
		{89CC06CE-BCAD-451A-951F-89725181E45C}.Debug|Any CPU.ActiveCfg = Debug|Any CPU
		{89CC06CE-BCAD-451A-951F-89725181E45C}.Debug|Any CPU.Build.0 = Debug|Any CPU
		{89CC06CE-BCAD-451A-951F-89725181E45C}.Release|Any CPU.ActiveCfg = Release|Any CPU
		{89CC06CE-BCAD-451A-951F-89725181E45C}.Release|Any CPU.Build.0 = Release|Any CPU
		{4041DED9-60BE-4AAD-83EE-279870358AEC}.Debug|Any CPU.ActiveCfg = Debug|Any CPU
		{4041DED9-60BE-4AAD-83EE-279870358AEC}.Debug|Any CPU.Build.0 = Debug|Any CPU
		{4041DED9-60BE-4AAD-83EE-279870358AEC}.Release|Any CPU.ActiveCfg = Release|Any CPU
		{4041DED9-60BE-4AAD-83EE-279870358AEC}.Release|Any CPU.Build.0 = Release|Any CPU
	EndGlobalSection
	GlobalSection(SolutionProperties) = preSolution
		HideSolutionNode = FALSE
	EndGlobalSection
	GlobalSection(ExtensibilityGlobals) = postSolution
		SolutionGuid = {F428B04C-F7A5-4A41-A24F-C8B8C9BCC6AF}
	EndGlobalSection
EndGlobal
